
Microsoft Visual Studio Solution File, Format Version 12.00
# Visual Studio 15
VisualStudioVersion = 15.0.28307.902
MinimumVisualStudioVersion = 10.0.40219.1
Project("{FAE04EC0-301F-11D3-BF4B-00C04F79EFBC}") = "DSG-TaskReport-Service", "DSG-TaskReport-Service\DSG-TaskReport-Service.csproj", "{AEEB3FC3-1787-441B-9031-D6A443AA8CFA}"
EndProject
Global
	GlobalSection(SolutionConfigurationPlatforms) = preSolution
		Debug|Any CPU = Debug|Any CPU
		Release|Any CPU = Release|Any CPU
	EndGlobalSection
	GlobalSection(ProjectConfigurationPlatforms) = postSolution
		{AEEB3FC3-1787-441B-9031-D6A443AA8CFA}.Debug|Any CPU.ActiveCfg = Debug|Any CPU
		{AEEB3FC3-1787-441B-9031-D6A443AA8CFA}.Debug|Any CPU.Build.0 = Debug|Any CPU
		{AEEB3FC3-1787-441B-9031-D6A443AA8CFA}.Release|Any CPU.ActiveCfg = Release|Any CPU
		{AEEB3FC3-1787-441B-9031-D6A443AA8CFA}.Release|Any CPU.Build.0 = Release|Any CPU
	EndGlobalSection
	GlobalSection(SolutionProperties) = preSolution
		HideSolutionNode = FALSE
	EndGlobalSection
	GlobalSection(ExtensibilityGlobals) = postSolution
		SolutionGuid = {3753D110-E002-4644-8208-11D0CFF5A67C}
	EndGlobalSection
EndGlobal
